
Microsoft Visual Studio Solution File, Format Version 12.00
# Visual Studio Version 17
VisualStudioVersion = 17.0.31903.59
MinimumVisualStudioVersion = 10.0.40219.1
Project("{FAE04EC0-301F-11D3-BF4B-00C04F79EFBC}") = "MPHMS.Domain", "MPHMS.Domain\MPHMS.Domain.csproj", "{41385E1E-3499-4E36-8FAB-60534EADBE74}"
EndProject
Project("{FAE04EC0-301F-11D3-BF4B-00C04F79EFBC}") = "MPHMS.Application", "MPHMS.Application\MPHMS.Application.csproj", "{3BE95436-A62D-42C4-B2E7-05D9F4F1C36E}"
EndProject
Project("{FAE04EC0-301F-11D3-BF4B-00C04F79EFBC}") = "MPHMS.Infrastructure", "MPHMS.Infrastructure\MPHMS.Infrastructure.csproj", "{FB95E1AD-CCF2-4885-A93F-984BB267BF1C}"
EndProject
Project("{FAE04EC0-301F-11D3-BF4B-00C04F79EFBC}") = "MPHMS.Api", "MPHMS.Api\MPHMS.Api.csproj", "{5A1980D9-9BDC-4B13-A54B-2E90FF54DDDF}"
EndProject
Project("{FAE04EC0-301F-11D3-BF4B-00C04F79EFBC}") = "MPHMS.Web", "MPHMS.Web\MPHMS.Web.csproj", "{77EF67BF-C256-48A8-9ACD-0F8B49D03FF1}"
EndProject
Project("{FAE04EC0-301F-11D3-BF4B-00C04F79EFBC}") = "MPHMS.Background", "MPHMS.Background\MPHMS.Background.csproj", "{D4BEE0B4-A85E-4229-A911-1C2252329EAE}"
EndProject
Global
	GlobalSection(SolutionConfigurationPlatforms) = preSolution
		Debug|Any CPU = Debug|Any CPU
		Debug|x64 = Debug|x64
		Debug|x86 = Debug|x86
		Release|Any CPU = Release|Any CPU
		Release|x64 = Release|x64
		Release|x86 = Release|x86
	EndGlobalSection
	GlobalSection(ProjectConfigurationPlatforms) = postSolution
		{41385E1E-3499-4E36-8FAB-60534EADBE74}.Debug|Any CPU.ActiveCfg = Debug|Any CPU
		{41385E1E-3499-4E36-8FAB-60534EADBE74}.Debug|Any CPU.Build.0 = Debug|Any CPU
		{41385E1E-3499-4E36-8FAB-60534EADBE74}.Debug|x64.ActiveCfg = Debug|Any CPU
		{41385E1E-3499-4E36-8FAB-60534EADBE74}.Debug|x64.Build.0 = Debug|Any CPU
		{41385E1E-3499-4E36-8FAB-60534EADBE74}.Debug|x86.ActiveCfg = Debug|Any CPU
		{41385E1E-3499-4E36-8FAB-60534EADBE74}.Debug|x86.Build.0 = Debug|Any CPU
		{41385E1E-3499-4E36-8FAB-60534EADBE74}.Release|Any CPU.ActiveCfg = Release|Any CPU
		{41385E1E-3499-4E36-8FAB-60534EADBE74}.Release|Any CPU.Build.0 = Release|Any CPU
		{41385E1E-3499-4E36-8FAB-60534EADBE74}.Release|x64.ActiveCfg = Release|Any CPU
		{41385E1E-3499-4E36-8FAB-60534EADBE74}.Release|x64.Build.0 = Release|Any CPU
		{41385E1E-3499-4E36-8FAB-60534EADBE74}.Release|x86.ActiveCfg = Release|Any CPU
		{41385E1E-3499-4E36-8FAB-60534EADBE74}.Release|x86.Build.0 = Release|Any CPU
		{3BE95436-A62D-42C4-B2E7-05D9F4F1C36E}.Debug|Any CPU.ActiveCfg = Debug|Any CPU
		{3BE95436-A62D-42C4-B2E7-05D9F4F1C36E}.Debug|Any CPU.Build.0 = Debug|Any CPU
		{3BE95436-A62D-42C4-B2E7-05D9F4F1C36E}.Debug|x64.ActiveCfg = Debug|Any CPU
		{3BE95436-A62D-42C4-B2E7-05D9F4F1C36E}.Debug|x64.Build.0 = Debug|Any CPU
		{3BE95436-A62D-42C4-B2E7-05D9F4F1C36E}.Debug|x86.ActiveCfg = Debug|Any CPU
		{3BE95436-A62D-42C4-B2E7-05D9F4F1C36E}.Debug|x86.Build.0 = Debug|Any CPU
		{3BE95436-A62D-42C4-B2E7-05D9F4F1C36E}.Release|Any CPU.ActiveCfg = Release|Any CPU
		{3BE95436-A62D-42C4-B2E7-05D9F4F1C36E}.Release|Any CPU.Build.0 = Release|Any CPU
		{3BE95436-A62D-42C4-B2E7-05D9F4F1C36E}.Release|x64.ActiveCfg = Release|Any CPU
		{3BE95436-A62D-42C4-B2E7-05D9F4F1C36E}.Release|x64.Build.0 = Release|Any CPU
		{3BE95436-A62D-42C4-B2E7-05D9F4F1C36E}.Release|x86.ActiveCfg = Release|Any CPU
		{3BE95436-A62D-42C4-B2E7-05D9F4F1C36E}.Release|x86.Build.0 = Release|Any CPU
		{FB95E1AD-CCF2-4885-A93F-984BB267BF1C}.Debug|Any CPU.ActiveCfg = Debug|Any CPU
		{FB95E1AD-CCF2-4885-A93F-984BB267BF1C}.Debug|Any CPU.Build.0 = Debug|Any CPU
		{FB95E1AD-CCF2-4885-A93F-984BB267BF1C}.Debug|x64.ActiveCfg = Debug|Any CPU
		{FB95E1AD-CCF2-4885-A93F-984BB267BF1C}.Debug|x64.Build.0 = Debug|Any CPU
		{FB95E1AD-CCF2-4885-A93F-984BB267BF1C}.Debug|x86.ActiveCfg = Debug|Any CPU
		{FB95E1AD-CCF2-4885-A93F-984BB267BF1C}.Debug|x86.Build.0 = Debug|Any CPU
		{FB95E1AD-CCF2-4885-A93F-984BB267BF1C}.Release|Any CPU.ActiveCfg = Release|Any CPU
		{FB95E1AD-CCF2-4885-A93F-984BB267BF1C}.Release|Any CPU.Build.0 = Release|Any CPU
		{FB95E1AD-CCF2-4885-A93F-984BB267BF1C}.Release|x64.ActiveCfg = Release|Any CPU
		{FB95E1AD-CCF2-4885-A93F-984BB267BF1C}.Release|x64.Build.0 = Release|Any CPU
		{FB95E1AD-CCF2-4885-A93F-984BB267BF1C}.Release|x86.ActiveCfg = Release|Any CPU
		{FB95E1AD-CCF2-4885-A93F-984BB267BF1C}.Release|x86.Build.0 = Release|Any CPU
		{5A1980D9-9BDC-4B13-A54B-2E90FF54DDDF}.Debug|Any CPU.ActiveCfg = Debug|Any CPU
		{5A1980D9-9BDC-4B13-A54B-2E90FF54DDDF}.Debug|Any CPU.Build.0 = Debug|Any CPU
		{5A1980D9-9BDC-4B13-A54B-2E90FF54DDDF}.Debug|x64.ActiveCfg = Debug|Any CPU
		{5A1980D9-9BDC-4B13-A54B-2E90FF54DDDF}.Debug|x64.Build.0 = Debug|Any CPU
		{5A1980D9-9BDC-4B13-A54B-2E90FF54DDDF}.Debug|x86.ActiveCfg = Debug|Any CPU
		{5A1980D9-9BDC-4B13-A54B-2E90FF54DDDF}.Debug|x86.Build.0 = Debug|Any CPU
		{5A1980D9-9BDC-4B13-A54B-2E90FF54DDDF}.Release|Any CPU.ActiveCfg = Release|Any CPU
		{5A1980D9-9BDC-4B13-A54B-2E90FF54DDDF}.Release|Any CPU.Build.0 = Release|Any CPU
		{5A1980D9-9BDC-4B13-A54B-2E90FF54DDDF}.Release|x64.ActiveCfg = Release|Any CPU
		{5A1980D9-9BDC-4B13-A54B-2E90FF54DDDF}.Release|x64.Build.0 = Release|Any CPU
		{5A1980D9-9BDC-4B13-A54B-2E90FF54DDDF}.Release|x86.ActiveCfg = Release|Any CPU
		{5A1980D9-9BDC-4B13-A54B-2E90FF54DDDF}.Release|x86.Build.0 = Release|Any CPU
		{77EF67BF-C256-48A8-9ACD-0F8B49D03FF1}.Debug|Any CPU.ActiveCfg = Debug|Any CPU
		{77EF67BF-C256-48A8-9ACD-0F8B49D03FF1}.Debug|Any CPU.Build.0 = Debug|Any CPU
		{77EF67BF-C256-48A8-9ACD-0F8B49D03FF1}.Debug|x64.ActiveCfg = Debug|Any CPU
		{77EF67BF-C256-48A8-9ACD-0F8B49D03FF1}.Debug|x64.Build.0 = Debug|Any CPU
		{77EF67BF-C256-48A8-9ACD-0F8B49D03FF1}.Debug|x86.ActiveCfg = Debug|Any CPU
		{77EF67BF-C256-48A8-9ACD-0F8B49D03FF1}.Debug|x86.Build.0 = Debug|Any CPU
		{77EF67BF-C256-48A8-9ACD-0F8B49D03FF1}.Release|Any CPU.ActiveCfg = Release|Any CPU
		{77EF67BF-C256-48A8-9ACD-0F8B49D03FF1}.Release|Any CPU.Build.0 = Release|Any CPU
		{77EF67BF-C256-48A8-9ACD-0F8B49D03FF1}.Release|x64.ActiveCfg = Release|Any CPU
		{77EF67BF-C256-48A8-9ACD-0F8B49D03FF1}.Release|x64.Build.0 = Release|Any CPU
		{77EF67BF-C256-48A8-9ACD-0F8B49D03FF1}.Release|x86.ActiveCfg = Release|Any CPU
		{77EF67BF-C256-48A8-9ACD-0F8B49D03FF1}.Release|x86.Build.0 = Release|Any CPU
		{D4BEE0B4-A85E-4229-A911-1C2252329EAE}.Debug|Any CPU.ActiveCfg = Debug|Any CPU
		{D4BEE0B4-A85E-4229-A911-1C2252329EAE}.Debug|Any CPU.Build.0 = Debug|Any CPU
		{D4BEE0B4-A85E-4229-A911-1C2252329EAE}.Debug|x64.ActiveCfg = Debug|Any CPU
		{D4BEE0B4-A85E-4229-A911-1C2252329EAE}.Debug|x64.Build.0 = Debug|Any CPU
		{D4BEE0B4-A85E-4229-A911-1C2252329EAE}.Debug|x86.ActiveCfg = Debug|Any CPU
		{D4BEE0B4-A85E-4229-A911-1C2252329EAE}.Debug|x86.Build.0 = Debug|Any CPU
		{D4BEE0B4-A85E-4229-A911-1C2252329EAE}.Release|Any CPU.ActiveCfg = Release|Any CPU
		{D4BEE0B4-A85E-4229-A911-1C2252329EAE}.Release|Any CPU.Build.0 = Release|Any CPU
		{D4BEE0B4-A85E-4229-A911-1C2252329EAE}.Release|x64.ActiveCfg = Release|Any CPU
		{D4BEE0B4-A85E-4229-A911-1C2252329EAE}.Release|x64.Build.0 = Release|Any CPU
		{D4BEE0B4-A85E-4229-A911-1C2252329EAE}.Release|x86.ActiveCfg = Release|Any CPU
		{D4BEE0B4-A85E-4229-A911-1C2252329EAE}.Release|x86.Build.0 = Release|Any CPU
	EndGlobalSection
	GlobalSection(SolutionProperties) = preSolution
		HideSolutionNode = FALSE
	EndGlobalSection
EndGlobal
